{
    "_readme": [
        "This file locks the dependencies of your project to a known state",
        "Read more about it at https://getcomposer.org/doc/01-basic-usage.md#installing-dependencies",
        "This file is @generated automatically"
    ],
    "content-hash": "6c0555552aca64f2bb31fa81618dc121",
    "packages": [
        {
            "name": "accela-framework/accela",
            "version": "0.6.6",
            "source": {
                "type": "git",
                "url": "https://github.com/accela-framework/accela.git",
                "reference": "2dc911b57c721f14d1559d9fa44e9c75dbb0e93c"
            },
            "dist": {
                "type": "zip",
                "url": "https://api.github.com/repos/accela-framework/accela/zipball/2dc911b57c721f14d1559d9fa44e9c75dbb0e93c",
                "reference": "2dc911b57c721f14d1559d9fa44e9c75dbb0e93c",
                "shasum": ""
            },
            "type": "library",
            "autoload": {
                "psr-4": {
                    "Accela\\": "src/includes/"
                }
            },
            "notification-url": "https://packagist.org/downloads/",
            "license": [
                "MIT"
            ],
            "authors": [
                {
                    "name": "green spot",
                    "email": "in.green.spot@gmail.com"
                }
            ],
            "description": "PHP Web Framwork for SPA",
            "homepage": "https://github.com/accela-framework/accela",
            "keywords": [
                "SPA",
                "php framework"
            ],
            "support": {
                "issues": "https://github.com/accela-framework/accela/issues",
                "source": "https://github.com/accela-framework/accela/tree/0.6.6"
            },
            "time": "2025-12-31T08:18:47+00:00"
        },
        {
            "name": "accela-framework/sitemap-xml-plugin",
            "version": "0.2.3",
            "source": {
                "type": "git",
                "url": "https://github.com/accela-framework/sitemap-xml-plugin.git",
                "reference": "22f2037870003e7899560706a5d2761275402e64"
            },
            "dist": {
                "type": "zip",
                "url": "https://api.github.com/repos/accela-framework/sitemap-xml-plugin/zipball/22f2037870003e7899560706a5d2761275402e64",
                "reference": "22f2037870003e7899560706a5d2761275402e64",
                "shasum": ""
            },
            "require": {
                "accela-framework/accela": ">=0.5"
            },
            "type": "library",
            "autoload": {
                "files": [
                    "src/load.php"
                ]
            },
            "notification-url": "https://packagist.org/downloads/",
            "license": [
                "MIT"
            ],
            "authors": [
                {
                    "name": "green spot",
                    "email": "in.green.spot@gmail.com"
                }
            ],
            "description": "Sitemap.xml generator for Accela",
            "homepage": "https://github.com/accela-framework/sitemap-xml-plugin",
            "keywords": [
                "Accela",
                "SPA",
                "php framework",
                "sitemap.xml"
            ],
            "support": {
                "issues": "https://github.com/accela-framework/sitemap-xml-plugin/issues",
                "source": "https://github.com/accela-framework/sitemap-xml-plugin/tree/0.2.3"
            },
            "time": "2025-12-24T07:14:54+00:00"
        }
    ],
    "packages-dev": [],
    "aliases": [],
    "minimum-stability": "stable",
    "stability-flags": {},
    "prefer-stable": false,
    "prefer-lowest": false,
    "platform": {
        "php": ">=8.2"
    },
    "platform-dev": {},
    "plugin-api-version": "2.9.0"
}
